
Microsoft Visual Studio Solution File, Format Version 12.00
# Visual Studio Version 17
VisualStudioVersion = 17.5.002.0
MinimumVisualStudioVersion = 10.0.40219.1
Project("{2150E333-8FDC-42A3-9474-1A3956D46DE8}") = "Shopping", "Shopping", "{24A93023-9BA0-40B5-BD04-E19E703DBBE3}"
EndProject
Project("{9A19103F-16F7-4668-BE54-9A1E7A4F7556}") = "Shopping.API", "Shopping\Shopping.API\Shopping.API.csproj", "{65E38678-0B45-4DA8-B783-30893F6F04D0}"
EndProject
Project("{9A19103F-16F7-4668-BE54-9A1E7A4F7556}") = "Shopping.Client", "Shopping\Shopping.Client\Shopping.Client.csproj", "{87FB141A-1E6A-4E26-BBDC-E261FD45105B}"
EndProject
Global
	GlobalSection(SolutionConfigurationPlatforms) = preSolution
		Debug|Any CPU = Debug|Any CPU
		Release|Any CPU = Release|Any CPU
	EndGlobalSection
	GlobalSection(ProjectConfigurationPlatforms) = postSolution
		{65E38678-0B45-4DA8-B783-30893F6F04D0}.Debug|Any CPU.ActiveCfg = Debug|Any CPU
		{65E38678-0B45-4DA8-B783-30893F6F04D0}.Debug|Any CPU.Build.0 = Debug|Any CPU
		{65E38678-0B45-4DA8-B783-30893F6F04D0}.Release|Any CPU.ActiveCfg = Release|Any CPU
		{65E38678-0B45-4DA8-B783-30893F6F04D0}.Release|Any CPU.Build.0 = Release|Any CPU
		{87FB141A-1E6A-4E26-BBDC-E261FD45105B}.Debug|Any CPU.ActiveCfg = Debug|Any CPU
		{87FB141A-1E6A-4E26-BBDC-E261FD45105B}.Debug|Any CPU.Build.0 = Debug|Any CPU
		{87FB141A-1E6A-4E26-BBDC-E261FD45105B}.Release|Any CPU.ActiveCfg = Release|Any CPU
		{87FB141A-1E6A-4E26-BBDC-E261FD45105B}.Release|Any CPU.Build.0 = Release|Any CPU
	EndGlobalSection
	GlobalSection(SolutionProperties) = preSolution
		HideSolutionNode = FALSE
	EndGlobalSection
	GlobalSection(NestedProjects) = preSolution
		{65E38678-0B45-4DA8-B783-30893F6F04D0} = {24A93023-9BA0-40B5-BD04-E19E703DBBE3}
		{87FB141A-1E6A-4E26-BBDC-E261FD45105B} = {24A93023-9BA0-40B5-BD04-E19E703DBBE3}
	EndGlobalSection
	GlobalSection(ExtensibilityGlobals) = postSolution
		SolutionGuid = {477A1923-2D0E-4BCA-A58C-3799382FE247}
	EndGlobalSection
EndGlobal
